
Microsoft Visual Studio Solution File, Format Version 12.00
# Visual Studio Version 17
VisualStudioVersion = 17.8.34511.84
MinimumVisualStudioVersion = 10.0.40219.1
Project("{FAE04EC0-301F-11D3-BF4B-00C04F79EFBC}") = "Intro", "Intro\Intro.csproj", "{52159502-047D-4120-8D6D-3C45606528CE}"
EndProject
Global
	GlobalSection(SolutionConfigurationPlatforms) = preSolution
		Debug|Any CPU = Debug|Any CPU
		Release|Any CPU = Release|Any CPU
	EndGlobalSection
	GlobalSection(ProjectConfigurationPlatforms) = postSolution
		{52159502-047D-4120-8D6D-3C45606528CE}.Debug|Any CPU.ActiveCfg = Debug|Any CPU
		{52159502-047D-4120-8D6D-3C45606528CE}.Debug|Any CPU.Build.0 = Debug|Any CPU
		{52159502-047D-4120-8D6D-3C45606528CE}.Release|Any CPU.ActiveCfg = Release|Any CPU
		{52159502-047D-4120-8D6D-3C45606528CE}.Release|Any CPU.Build.0 = Release|Any CPU
	EndGlobalSection
	GlobalSection(SolutionProperties) = preSolution
		HideSolutionNode = FALSE
	EndGlobalSection
	GlobalSection(ExtensibilityGlobals) = postSolution
		SolutionGuid = {E8BAA0F8-C8E5-437F-B3EC-E77E7275CD4F}
	EndGlobalSection
EndGlobal
